
Microsoft Visual Studio Solution File, Format Version 12.00
# Visual Studio 15
VisualStudioVersion = 15.0.27130.2027
MinimumVisualStudioVersion = 10.0.40219.1
Project("{FAE04EC0-301F-11D3-BF4B-00C04F79EFBC}") = "MovieScheduler-Test", "MovieScheduler-Test\MovieScheduler-Test.csproj", "{4878B853-5B59-448C-9A6C-D5D5C7230EE2}"
EndProject
Project("{2150E333-8FDC-42A3-9474-1A3956D46DE8}") = "Solution Items", "Solution Items", "{02AE4660-7635-4C6B-810E-5750569DB242}"
	ProjectSection(SolutionItems) = preProject
		Movie.cs = Movie.cs
		MovieScheduler.cs = MovieScheduler.cs
	EndProjectSection
EndProject
Global
	GlobalSection(SolutionConfigurationPlatforms) = preSolution
		Debug|Any CPU = Debug|Any CPU
		Release|Any CPU = Release|Any CPU
	EndGlobalSection
	GlobalSection(ProjectConfigurationPlatforms) = postSolution
		{4878B853-5B59-448C-9A6C-D5D5C7230EE2}.Debug|Any CPU.ActiveCfg = Debug|Any CPU
		{4878B853-5B59-448C-9A6C-D5D5C7230EE2}.Debug|Any CPU.Build.0 = Debug|Any CPU
		{4878B853-5B59-448C-9A6C-D5D5C7230EE2}.Release|Any CPU.ActiveCfg = Release|Any CPU
		{4878B853-5B59-448C-9A6C-D5D5C7230EE2}.Release|Any CPU.Build.0 = Release|Any CPU
	EndGlobalSection
	GlobalSection(SolutionProperties) = preSolution
		HideSolutionNode = FALSE
	EndGlobalSection
	GlobalSection(ExtensibilityGlobals) = postSolution
		SolutionGuid = {F7C9B122-DB6D-4AEA-9322-7F2BECEDF04E}
	EndGlobalSection
EndGlobal
